
Microsoft Visual Studio Solution File, Format Version 12.00
# Visual Studio Version 17
VisualStudioVersion = 17.0.31903.59
MinimumVisualStudioVersion = 10.0.40219.1
Project("{FAE04EC0-301F-11D3-BF4B-00C04F79EFBC}") = "Backtrack", "Backtrack.csproj", "{02F5BB3D-BB96-4FC9-A3BF-CDF551B1A055}"
EndProject
Project("{FAE04EC0-301F-11D3-BF4B-00C04F79EFBC}") = "Backtrack.Tests", "Backtrack.Tests\Backtrack.Tests.csproj", "{C986BED3-338B-4670-91C0-04B104F953C9}"
EndProject
Global
	GlobalSection(SolutionConfigurationPlatforms) = preSolution
		Debug|Any CPU = Debug|Any CPU
		Release|Any CPU = Release|Any CPU
	EndGlobalSection
	GlobalSection(SolutionProperties) = preSolution
		HideSolutionNode = FALSE
	EndGlobalSection
	GlobalSection(ProjectConfigurationPlatforms) = postSolution
		{02F5BB3D-BB96-4FC9-A3BF-CDF551B1A055}.Debug|Any CPU.ActiveCfg = Debug|Any CPU
		{02F5BB3D-BB96-4FC9-A3BF-CDF551B1A055}.Debug|Any CPU.Build.0 = Debug|Any CPU
		{02F5BB3D-BB96-4FC9-A3BF-CDF551B1A055}.Release|Any CPU.ActiveCfg = Release|Any CPU
		{02F5BB3D-BB96-4FC9-A3BF-CDF551B1A055}.Release|Any CPU.Build.0 = Release|Any CPU
		{C986BED3-338B-4670-91C0-04B104F953C9}.Debug|Any CPU.ActiveCfg = Debug|Any CPU
		{C986BED3-338B-4670-91C0-04B104F953C9}.Debug|Any CPU.Build.0 = Debug|Any CPU
		{C986BED3-338B-4670-91C0-04B104F953C9}.Release|Any CPU.ActiveCfg = Release|Any CPU
		{C986BED3-338B-4670-91C0-04B104F953C9}.Release|Any CPU.Build.0 = Release|Any CPU
	EndGlobalSection
EndGlobal
